%{"bunt": {:hex, :bunt, "0.2.0", "951c6e801e8b1d2cbe58ebbd3e616a869061ddadcc4863d0a2182541acae9a38", [:mix], [], "hexpm"},
  "cortex": {:hex, :cortex, "0.2.1", "8a13be1bf570cdc5f6f83855f6c5ba8c4a92bc32cf8da042fa1519537ae24315", [:mix], [{:file_system, "~> 0.2", [hex: :file_system, repo: "hexpm", optional: false]}], "hexpm"},
  "credo": {:hex, :credo, "0.8.6", "335f723772d35da499b5ebfdaf6b426bfb73590b6fcbc8908d476b75f8cbca3f", [:mix], [{:bunt, "~> 0.2.0", [hex: :bunt, repo: "hexpm", optional: false]}], "hexpm"},
  "dialyxir": {:hex, :dialyxir, "0.5.1", "b331b091720fd93e878137add264bac4f644e1ddae07a70bf7062c7862c4b952", [:mix], [], "hexpm"},
  "earmark": {:hex, :earmark, "1.2.3", "206eb2e2ac1a794aa5256f3982de7a76bf4579ff91cb28d0e17ea2c9491e46a4", [], [], "hexpm"},
  "ex_doc": {:hex, :ex_doc, "0.16.3", "cd2a4cfe5d26e37502d3ec776702c72efa1adfa24ed9ce723bb565f4c30bd31a", [], [{:earmark, "~> 1.1", [hex: :earmark, repo: "hexpm", optional: false]}], "hexpm"},
  "file_system": {:hex, :file_system, "0.2.0", "1b899a8708dd121648b4f4f632022cf8fd989f3d7250621f34eca4831b217ee9", [:mix], [], "hexpm"},
  "flow": {:hex, :flow, "0.12.0", "32c5a5f3ff6693e004b6c17a8c64dce2f8cdaf9564912d79427176013a586ab6", [:mix], [{:gen_stage, "~> 0.12.0", [hex: :gen_stage, repo: "hexpm", optional: false]}], "hexpm"},
  "gen_stage": {:hex, :gen_stage, "0.12.2", "e0e347cbb1ceb5f4e68a526aec4d64b54ad721f0a8b30aa9d28e0ad749419cbb", [:mix], [], "hexpm"},
  "propcheck": {:hex, :propcheck, "0.0.2", "bf226eb62ed91d96a83dcfe308c626bd2ff4effd60260dd1e6e896088da6ec00", [:mix], [{:proper, "~> 1.1.1-beta", [hex: :proper, repo: "hexpm", optional: false]}], "hexpm"},
  "proper": {:hex, :proper, "1.1.1-beta", "5eef3fa0cae017ecb4bf6fd6a144349a048e999223a4f1e98ce372ff1772edd3", [:rebar3], [], "hexpm"},
  "shorter_maps": {:hex, :shorter_maps, "2.2.3", "75f4b7423f7f14be18fd16c22ad7ef8c73e0cd39cdee7bd024b4b4ef41313447", [:mix], [], "hexpm"}}
